
Microsoft Visual Studio Solution File, Format Version 12.00
# Visual Studio Version 16
VisualStudioVersion = 16.0.31424.327
MinimumVisualStudioVersion = 10.0.40219.1
Project("{FAE04EC0-301F-11D3-BF4B-00C04F79EFBC}") = "VegaIDE_V2.Client", "VegaIDE_V2.Client\VegaIDE_V2.Client.csproj", "{0BDF6FAC-7466-4286-AF71-88F656D55DBE}"
EndProject
Project("{9A19103F-16F7-4668-BE54-9A1E7A4F7556}") = "VegaIDE_V2.Shared", "VegaIDE_V2.Shared\VegaIDE_V2.Shared.csproj", "{5177BB60-14DA-4301-91C4-1D12044C58D9}"
EndProject
Global
	GlobalSection(SolutionConfigurationPlatforms) = preSolution
		Debug|Any CPU = Debug|Any CPU
		Release|Any CPU = Release|Any CPU
	EndGlobalSection
	GlobalSection(ProjectConfigurationPlatforms) = postSolution
		{0BDF6FAC-7466-4286-AF71-88F656D55DBE}.Debug|Any CPU.ActiveCfg = Debug|Any CPU
		{0BDF6FAC-7466-4286-AF71-88F656D55DBE}.Debug|Any CPU.Build.0 = Debug|Any CPU
		{0BDF6FAC-7466-4286-AF71-88F656D55DBE}.Release|Any CPU.ActiveCfg = Release|Any CPU
		{0BDF6FAC-7466-4286-AF71-88F656D55DBE}.Release|Any CPU.Build.0 = Release|Any CPU
		{5177BB60-14DA-4301-91C4-1D12044C58D9}.Debug|Any CPU.ActiveCfg = Debug|Any CPU
		{5177BB60-14DA-4301-91C4-1D12044C58D9}.Debug|Any CPU.Build.0 = Debug|Any CPU
		{5177BB60-14DA-4301-91C4-1D12044C58D9}.Release|Any CPU.ActiveCfg = Release|Any CPU
		{5177BB60-14DA-4301-91C4-1D12044C58D9}.Release|Any CPU.Build.0 = Release|Any CPU
	EndGlobalSection
	GlobalSection(SolutionProperties) = preSolution
		HideSolutionNode = FALSE
	EndGlobalSection
	GlobalSection(ExtensibilityGlobals) = postSolution
		SolutionGuid = {A2A5EB9E-F9BC-4F86-9631-97DB84E2890C}
	EndGlobalSection
EndGlobal
